
Microsoft Visual Studio Solution File, Format Version 12.00
# Visual Studio Version 17
VisualStudioVersion = 17.0.31919.166
MinimumVisualStudioVersion = 10.0.40219.1
Project("{9A19103F-16F7-4668-BE54-9A1E7A4F7556}") = "ADSFHelloWorld", "..\ADSFHelloWorld\ADSFHelloWorld.csproj", "{C5874215-6477-42AB-8C41-60171BE8D96D}"
EndProject
Project("{FAE04EC0-301F-11D3-BF4B-00C04F79EFBC}") = "ADFSHelloWorldSPA", "..\ADFSHelloWorldSPA\ADFSHelloWorldSPA.csproj", "{20435255-58B1-4F3B-85A5-BD5302A83262}"
EndProject
Project("{FAE04EC0-301F-11D3-BF4B-00C04F79EFBC}") = "ADFSHelloWorldSpaNoIdentity", "..\ADFSHelloWorldSpaNoIdentity\ADFSHelloWorldSpaNoIdentity.csproj", "{F78C86A7-6620-4445-8176-02A71393E84F}"
EndProject
Global
	GlobalSection(SolutionConfigurationPlatforms) = preSolution
		Debug|Any CPU = Debug|Any CPU
		Release|Any CPU = Release|Any CPU
	EndGlobalSection
	GlobalSection(ProjectConfigurationPlatforms) = postSolution
		{C5874215-6477-42AB-8C41-60171BE8D96D}.Debug|Any CPU.ActiveCfg = Debug|Any CPU
		{C5874215-6477-42AB-8C41-60171BE8D96D}.Debug|Any CPU.Build.0 = Debug|Any CPU
		{C5874215-6477-42AB-8C41-60171BE8D96D}.Release|Any CPU.ActiveCfg = Release|Any CPU
		{C5874215-6477-42AB-8C41-60171BE8D96D}.Release|Any CPU.Build.0 = Release|Any CPU
		{20435255-58B1-4F3B-85A5-BD5302A83262}.Debug|Any CPU.ActiveCfg = Debug|Any CPU
		{20435255-58B1-4F3B-85A5-BD5302A83262}.Debug|Any CPU.Build.0 = Debug|Any CPU
		{20435255-58B1-4F3B-85A5-BD5302A83262}.Release|Any CPU.ActiveCfg = Release|Any CPU
		{20435255-58B1-4F3B-85A5-BD5302A83262}.Release|Any CPU.Build.0 = Release|Any CPU
		{F78C86A7-6620-4445-8176-02A71393E84F}.Debug|Any CPU.ActiveCfg = Debug|Any CPU
		{F78C86A7-6620-4445-8176-02A71393E84F}.Debug|Any CPU.Build.0 = Debug|Any CPU
		{F78C86A7-6620-4445-8176-02A71393E84F}.Release|Any CPU.ActiveCfg = Release|Any CPU
		{F78C86A7-6620-4445-8176-02A71393E84F}.Release|Any CPU.Build.0 = Release|Any CPU
	EndGlobalSection
	GlobalSection(SolutionProperties) = preSolution
		HideSolutionNode = FALSE
	EndGlobalSection
	GlobalSection(ExtensibilityGlobals) = postSolution
		SolutionGuid = {38CF5813-A44F-42B4-B4D7-15A415AB70B8}
	EndGlobalSection
EndGlobal
