
Microsoft Visual Studio Solution File, Format Version 12.00
# Visual Studio Version 16
VisualStudioVersion = 16.0.31729.503
MinimumVisualStudioVersion = 10.0.40219.1
Project("{9A19103F-16F7-4668-BE54-9A1E7A4F7556}") = "DockerHelloWorld", "DockerHelloWorld.csproj", "{DF5498C6-8713-447D-A1AC-963103FD3324}"
EndProject
Project("{FAE04EC0-301F-11D3-BF4B-00C04F79EFBC}") = "ADSFHelloWorld", "..\ADSFHelloWorld\ADSFHelloWorld.csproj", "{C5874215-6477-42AB-8C41-60171BE8D96D}"
EndProject
Global
	GlobalSection(SolutionConfigurationPlatforms) = preSolution
		Debug|Any CPU = Debug|Any CPU
		Release|Any CPU = Release|Any CPU
	EndGlobalSection
	GlobalSection(ProjectConfigurationPlatforms) = postSolution
		{DF5498C6-8713-447D-A1AC-963103FD3324}.Debug|Any CPU.ActiveCfg = Debug|Any CPU
		{DF5498C6-8713-447D-A1AC-963103FD3324}.Debug|Any CPU.Build.0 = Debug|Any CPU
		{DF5498C6-8713-447D-A1AC-963103FD3324}.Release|Any CPU.ActiveCfg = Release|Any CPU
		{DF5498C6-8713-447D-A1AC-963103FD3324}.Release|Any CPU.Build.0 = Release|Any CPU
		{C5874215-6477-42AB-8C41-60171BE8D96D}.Debug|Any CPU.ActiveCfg = Debug|Any CPU
		{C5874215-6477-42AB-8C41-60171BE8D96D}.Debug|Any CPU.Build.0 = Debug|Any CPU
		{C5874215-6477-42AB-8C41-60171BE8D96D}.Release|Any CPU.ActiveCfg = Release|Any CPU
		{C5874215-6477-42AB-8C41-60171BE8D96D}.Release|Any CPU.Build.0 = Release|Any CPU
	EndGlobalSection
	GlobalSection(SolutionProperties) = preSolution
		HideSolutionNode = FALSE
	EndGlobalSection
	GlobalSection(ExtensibilityGlobals) = postSolution
		SolutionGuid = {38CF5813-A44F-42B4-B4D7-15A415AB70B8}
	EndGlobalSection
EndGlobal
